
Microsoft Visual Studio Solution File, Format Version 12.00
# Visual Studio Version 16
VisualStudioVersion = 16.0.30104.148
MinimumVisualStudioVersion = 10.0.40219.1
Project("{FAE04EC0-301F-11D3-BF4B-00C04F79EFBC}") = "CRMViewerPlugin", "CRMViewerPlugin.csproj", "{5B851F59-A572-4363-B0C3-9B0301463DA4}"
EndProject
Global
	GlobalSection(SolutionConfigurationPlatforms) = preSolution
		Debug|Any CPU = Debug|Any CPU
		Release|Any CPU = Release|Any CPU
	EndGlobalSection
	GlobalSection(ProjectConfigurationPlatforms) = postSolution
		{5B851F59-A572-4363-B0C3-9B0301463DA4}.Debug|Any CPU.ActiveCfg = Debug|Any CPU
		{5B851F59-A572-4363-B0C3-9B0301463DA4}.Debug|Any CPU.Build.0 = Debug|Any CPU
		{5B851F59-A572-4363-B0C3-9B0301463DA4}.Release|Any CPU.ActiveCfg = Release|Any CPU
		{5B851F59-A572-4363-B0C3-9B0301463DA4}.Release|Any CPU.Build.0 = Release|Any CPU
	EndGlobalSection
	GlobalSection(SolutionProperties) = preSolution
		HideSolutionNode = FALSE
	EndGlobalSection
	GlobalSection(ExtensibilityGlobals) = postSolution
		SolutionGuid = {D3C46F48-98C0-4DAD-8B55-D2F1CBC55B28}
	EndGlobalSection
EndGlobal
